// !$*UTF8*$!
{
	archiveVersion = 1;
	classes = {
	};
	objectVersion = 55;
	objects = {

/* Begin PBXBuildFile section */
		E3A417F72487631F27A2ED58 /* Pods_MyPlaces.framework in Frameworks */ = {isa = PBXBuildFile; fileRef = F629F16AFEEF12B5BBA89013 /* Pods_MyPlaces.framework */; };
		FB823901282AE72B003ADC83 /* MapViewController.swift in Sources */ = {isa = PBXBuildFile; fileRef = FB823900282AE72B003ADC83 /* MapViewController.swift */; };
		FB913EF72823DA67007B9D0C /* CustomTableViewCell.swift in Sources */ = {isa = PBXBuildFile; fileRef = FB913EF62823DA67007B9D0C /* CustomTableViewCell.swift */; };
		FB913EF92823E4DA007B9D0C /* PlaceModel.swift in Sources */ = {isa = PBXBuildFile; fileRef = FB913EF82823E4DA007B9D0C /* PlaceModel.swift */; };
		FB913EFB28240414007B9D0C /* NewPlaceViewController.swift in Sources */ = {isa = PBXBuildFile; fileRef = FB913EFA28240414007B9D0C /* NewPlaceViewController.swift */; };
		FBCCFAB0282A5B4000238D06 /* RatingControl.swift in Sources */ = {isa = PBXBuildFile; fileRef = FBCCFAAF282A5B4000238D06 /* RatingControl.swift */; };
		FBCFAC23283C1A6600DFB96E /* MapManager.swift in Sources */ = {isa = PBXBuildFile; fileRef = FBCFAC22283C1A6600DFB96E /* MapManager.swift */; };
		FBEA558928217D9000D8C6F5 /* AppDelegate.swift in Sources */ = {isa = PBXBuildFile; fileRef = FBEA558828217D9000D8C6F5 /* AppDelegate.swift */; };
		FBEA558B28217D9000D8C6F5 /* SceneDelegate.swift in Sources */ = {isa = PBXBuildFile; fileRef = FBEA558A28217D9000D8C6F5 /* SceneDelegate.swift */; };
		FBEA559028217D9000D8C6F5 /* Main.storyboard in Resources */ = {isa = PBXBuildFile; fileRef = FBEA558E28217D9000D8C6F5 /* Main.storyboard */; };
		FBEA559228217D9200D8C6F5 /* Assets.xcassets in Resources */ = {isa = PBXBuildFile; fileRef = FBEA559128217D9200D8C6F5 /* Assets.xcassets */; };
		FBEA559528217D9200D8C6F5 /* LaunchScreen.storyboard in Resources */ = {isa = PBXBuildFile; fileRef = FBEA559328217D9200D8C6F5 /* LaunchScreen.storyboard */; };
		FBEA559D2821889A00D8C6F5 /* MainTableViewController.swift in Sources */ = {isa = PBXBuildFile; fileRef = FBEA559C2821889A00D8C6F5 /* MainTableViewController.swift */; };
		FBF404CD2827EFFB00BEE76D /* StorageManager.swift in Sources */ = {isa = PBXBuildFile; fileRef = FBF404CC2827EFFB00BEE76D /* StorageManager.swift */; };
/* End PBXBuildFile section */

/* Begin PBXFileReference section */
		4A2B97288A83AAE008C16C35 /* Pods-MyPlaces.release.xcconfig */ = {isa = PBXFileReference; includeInIndex = 1; lastKnownFileType = text.xcconfig; name = "Pods-MyPlaces.release.xcconfig"; path = "Target Support Files/Pods-MyPlaces/Pods-MyPlaces.release.xcconfig"; sourceTree = "<group>"; };
		66AA53E249770F6396849110 /* Pods-MyPlaces.debug.xcconfig */ = {isa = PBXFileReference; includeInIndex = 1; lastKnownFileType = text.xcconfig; name = "Pods-MyPlaces.debug.xcconfig"; path = "Target Support Files/Pods-MyPlaces/Pods-MyPlaces.debug.xcconfig"; sourceTree = "<group>"; };
		F629F16AFEEF12B5BBA89013 /* Pods_MyPlaces.framework */ = {isa = PBXFileReference; explicitFileType = wrapper.framework; includeInIndex = 0; path = Pods_MyPlaces.framework; sourceTree = BUILT_PRODUCTS_DIR; };
		FB823900282AE72B003ADC83 /* MapViewController.swift */ = {isa = PBXFileReference; lastKnownFileType = sourcecode.swift; path = MapViewController.swift; sourceTree = "<group>"; };
		FB913EF62823DA67007B9D0C /* CustomTableViewCell.swift */ = {isa = PBXFileReference; lastKnownFileType = sourcecode.swift; path = CustomTableViewCell.swift; sourceTree = "<group>"; };
		FB913EF82823E4DA007B9D0C /* PlaceModel.swift */ = {isa = PBXFileReference; lastKnownFileType = sourcecode.swift; path = PlaceModel.swift; sourceTree = "<group>"; };
		FB913EFA28240414007B9D0C /* NewPlaceViewController.swift */ = {isa = PBXFileReference; lastKnownFileType = sourcecode.swift; path = NewPlaceViewController.swift; sourceTree = "<group>"; };
		FBCCFAAF282A5B4000238D06 /* RatingControl.swift */ = {isa = PBXFileReference; lastKnownFileType = sourcecode.swift; path = RatingControl.swift; sourceTree = "<group>"; };
		FBCFAC22283C1A6600DFB96E /* MapManager.swift */ = {isa = PBXFileReference; lastKnownFileType = sourcecode.swift; path = MapManager.swift; sourceTree = "<group>"; };
		FBEA558528217D9000D8C6F5 /* MyPlaces.app */ = {isa = PBXFileReference; explicitFileType = wrapper.application; includeInIndex = 0; path = MyPlaces.app; sourceTree = BUILT_PRODUCTS_DIR; };
		FBEA558828217D9000D8C6F5 /* AppDelegate.swift */ = {isa = PBXFileReference; lastKnownFileType = sourcecode.swift; path = AppDelegate.swift; sourceTree = "<group>"; };
		FBEA558A28217D9000D8C6F5 /* SceneDelegate.swift */ = {isa = PBXFileReference; lastKnownFileType = sourcecode.swift; path = SceneDelegate.swift; sourceTree = "<group>"; };
		FBEA558F28217D9000D8C6F5 /* Base */ = {isa = PBXFileReference; lastKnownFileType = file.storyboard; name = Base; path = Base.lproj/Main.storyboard; sourceTree = "<group>"; };
		FBEA559128217D9200D8C6F5 /* Assets.xcassets */ = {isa = PBXFileReference; lastKnownFileType = folder.assetcatalog; path = Assets.xcassets; sourceTree = "<group>"; };
		FBEA559428217D9200D8C6F5 /* Base */ = {isa = PBXFileReference; lastKnownFileType = file.storyboard; name = Base; path = Base.lproj/LaunchScreen.storyboard; sourceTree = "<group>"; };
		FBEA559628217D9200D8C6F5 /* Info.plist */ = {isa = PBXFileReference; lastKnownFileType = text.plist.xml; path = Info.plist; sourceTree = "<group>"; };
		FBEA559C2821889A00D8C6F5 /* MainTableViewController.swift */ = {isa = PBXFileReference; lastKnownFileType = sourcecode.swift; path = MainTableViewController.swift; sourceTree = "<group>"; };
		FBF404CC2827EFFB00BEE76D /* StorageManager.swift */ = {isa = PBXFileReference; lastKnownFileType = sourcecode.swift; path = StorageManager.swift; sourceTree = "<group>"; };
/* End PBXFileReference section */

/* Begin PBXFrameworksBuildPhase section */
		FBEA558228217D9000D8C6F5 /* Frameworks */ = {
			isa = PBXFrameworksBuildPhase;
			buildActionMask = 2147483647;
			files = (
				E3A417F72487631F27A2ED58 /* Pods_MyPlaces.framework in Frameworks */,
			);
			runOnlyForDeploymentPostprocessing = 0;
		};
/* End PBXFrameworksBuildPhase section */

/* Begin PBXGroup section */
		3E8008F250AA804E0D2B94B0 /* Frameworks */ = {
			isa = PBXGroup;
			children = (
				F629F16AFEEF12B5BBA89013 /* Pods_MyPlaces.framework */,
			);
			name = Frameworks;
			sourceTree = "<group>";
		};
		EF2E56AEEF133127B6ABB4D8 /* Pods */ = {
			isa = PBXGroup;
			children = (
				66AA53E249770F6396849110 /* Pods-MyPlaces.debug.xcconfig */,
				4A2B97288A83AAE008C16C35 /* Pods-MyPlaces.release.xcconfig */,
			);
			path = Pods;
			sourceTree = "<group>";
		};
		FB500165283D205100CA765B /* ViewControllers */ = {
			isa = PBXGroup;
			children = (
			);
			path = ViewControllers;
			sourceTree = "<group>";
		};
		FBEA557C28217D9000D8C6F5 = {
			isa = PBXGroup;
			children = (
				FBEA558728217D9000D8C6F5 /* MyPlaces */,
				FBEA558628217D9000D8C6F5 /* Products */,
				EF2E56AEEF133127B6ABB4D8 /* Pods */,
				3E8008F250AA804E0D2B94B0 /* Frameworks */,
			);
			sourceTree = "<group>";
		};
		FBEA558628217D9000D8C6F5 /* Products */ = {
			isa = PBXGroup;
			children = (
				FBEA558528217D9000D8C6F5 /* MyPlaces.app */,
			);
			name = Products;
			sourceTree = "<group>";
		};
		FBEA558728217D9000D8C6F5 /* MyPlaces */ = {
			isa = PBXGroup;
			children = (
				FB500165283D205100CA765B /* ViewControllers */,
				FBEA558828217D9000D8C6F5 /* AppDelegate.swift */,
				FBEA558A28217D9000D8C6F5 /* SceneDelegate.swift */,
				FB913EF62823DA67007B9D0C /* CustomTableViewCell.swift */,
				FBCCFAAF282A5B4000238D06 /* RatingControl.swift */,
				FBF404CC2827EFFB00BEE76D /* StorageManager.swift */,
				FB913EF82823E4DA007B9D0C /* PlaceModel.swift */,
				FBEA559C2821889A00D8C6F5 /* MainTableViewController.swift */,
				FB913EFA28240414007B9D0C /* NewPlaceViewController.swift */,
				FBCFAC22283C1A6600DFB96E /* MapManager.swift */,
				FB823900282AE72B003ADC83 /* MapViewController.swift */,
				FBEA558E28217D9000D8C6F5 /* Main.storyboard */,
				FBEA559128217D9200D8C6F5 /* Assets.xcassets */,
				FBEA559328217D9200D8C6F5 /* LaunchScreen.storyboard */,
				FBEA559628217D9200D8C6F5 /* Info.plist */,
			);
			path = MyPlaces;
			sourceTree = "<group>";
		};
/* End PBXGroup section */

/* Begin PBXNativeTarget section */
		FBEA558428217D9000D8C6F5 /* MyPlaces */ = {
			isa = PBXNativeTarget;
			buildConfigurationList = FBEA559928217D9200D8C6F5 /* Build configuration list for PBXNativeTarget "MyPlaces" */;
			buildPhases = (
				225F648C0CC7A6B016C59665 /* [CP] Check Pods Manifest.lock */,
				FBEA558128217D9000D8C6F5 /* Sources */,
				FBEA558228217D9000D8C6F5 /* Frameworks */,
				FBEA558328217D9000D8C6F5 /* Resources */,
				2D22F197DB4610B3CCF35BF9 /* [CP] Embed Pods Frameworks */,
			);
			buildRules = (
			);
			dependencies = (
			);
			name = MyPlaces;
			productName = MyPlaces;
			productReference = FBEA558528217D9000D8C6F5 /* MyPlaces.app */;
			productType = "com.apple.product-type.application";
		};
/* End PBXNativeTarget section */

/* Begin PBXProject section */
		FBEA557D28217D9000D8C6F5 /* Project object */ = {
			isa = PBXProject;
			attributes = {
				BuildIndependentTargetsInParallel = 1;
				LastSwiftUpdateCheck = 1330;
				LastUpgradeCheck = 1330;
				TargetAttributes = {
					FBEA558428217D9000D8C6F5 = {
						CreatedOnToolsVersion = 13.3.1;
					};
				};
			};
			buildConfigurationList = FBEA558028217D9000D8C6F5 /* Build configuration list for PBXProject "MyPlaces" */;
			compatibilityVersion = "Xcode 13.0";
			developmentRegion = en;
			hasScannedForEncodings = 0;
			knownRegions = (
				en,
				Base,
			);
			mainGroup = FBEA557C28217D9000D8C6F5;
			productRefGroup = FBEA558628217D9000D8C6F5 /* Products */;
			projectDirPath = "";
			projectRoot = "";
			targets = (
				FBEA558428217D9000D8C6F5 /* MyPlaces */,
			);
		};
/* End PBXProject section */

/* Begin PBXResourcesBuildPhase section */
		FBEA558328217D9000D8C6F5 /* Resources */ = {
			isa = PBXResourcesBuildPhase;
			buildActionMask = 2147483647;
			files = (
				FBEA559528217D9200D8C6F5 /* LaunchScreen.storyboard in Resources */,
				FBEA559228217D9200D8C6F5 /* Assets.xcassets in Resources */,
				FBEA559028217D9000D8C6F5 /* Main.storyboard in Resources */,
			);
			runOnlyForDeploymentPostprocessing = 0;
		};
/* End PBXResourcesBuildPhase section */

/* Begin PBXShellScriptBuildPhase section */
		225F648C0CC7A6B016C59665 /* [CP] Check Pods Manifest.lock */ = {
			isa = PBXShellScriptBuildPhase;
			buildActionMask = 2147483647;
			files = (
			);
			inputFileListPaths = (
			);
			inputPaths = (
				"${PODS_PODFILE_DIR_PATH}/Podfile.lock",
				"${PODS_ROOT}/Manifest.lock",
			);
			name = "[CP] Check Pods Manifest.lock";
			outputFileListPaths = (
			);
			outputPaths = (
				"$(DERIVED_FILE_DIR)/Pods-MyPlaces-checkManifestLockResult.txt",
			);
			runOnlyForDeploymentPostprocessing = 0;
			shellPath = /bin/sh;
			shellScript = "diff \"${PODS_PODFILE_DIR_PATH}/Podfile.lock\" \"${PODS_ROOT}/Manifest.lock\" > /dev/null\nif [ $? != 0 ] ; then\n    # print error to STDERR\n    echo \"error: The sandbox is not in sync with the Podfile.lock. Run 'pod install' or update your CocoaPods installation.\" >&2\n    exit 1\nfi\n# This output is used by Xcode 'outputs' to avoid re-running this script phase.\necho \"SUCCESS\" > \"${SCRIPT_OUTPUT_FILE_0}\"\n";
			showEnvVarsInLog = 0;
		};
		2D22F197DB4610B3CCF35BF9 /* [CP] Embed Pods Frameworks */ = {
			isa = PBXShellScriptBuildPhase;
			buildActionMask = 2147483647;
			files = (
			);
			inputFileListPaths = (
				"${PODS_ROOT}/Target Support Files/Pods-MyPlaces/Pods-MyPlaces-frameworks-${CONFIGURATION}-input-files.xcfilelist",
			);
			name = "[CP] Embed Pods Frameworks";
			outputFileListPaths = (
				"${PODS_ROOT}/Target Support Files/Pods-MyPlaces/Pods-MyPlaces-frameworks-${CONFIGURATION}-output-files.xcfilelist",
			);
			runOnlyForDeploymentPostprocessing = 0;
			shellPath = /bin/sh;
			shellScript = "\"${PODS_ROOT}/Target Support Files/Pods-MyPlaces/Pods-MyPlaces-frameworks.sh\"\n";
			showEnvVarsInLog = 0;
		};
/* End PBXShellScriptBuildPhase section */

/* Begin PBXSourcesBuildPhase section */
		FBEA558128217D9000D8C6F5 /* Sources */ = {
			isa = PBXSourcesBuildPhase;
			buildActionMask = 2147483647;
			files = (
				FBEA558928217D9000D8C6F5 /* AppDelegate.swift in Sources */,
				FB913EFB28240414007B9D0C /* NewPlaceViewController.swift in Sources */,
				FBEA559D2821889A00D8C6F5 /* MainTableViewController.swift in Sources */,
				FBF404CD2827EFFB00BEE76D /* StorageManager.swift in Sources */,
				FB823901282AE72B003ADC83 /* MapViewController.swift in Sources */,
				FBCCFAB0282A5B4000238D06 /* RatingControl.swift in Sources */,
				FBCFAC23283C1A6600DFB96E /* MapManager.swift in Sources */,
				FB913EF92823E4DA007B9D0C /* PlaceModel.swift in Sources */,
				FB913EF72823DA67007B9D0C /* CustomTableViewCell.swift in Sources */,
				FBEA558B28217D9000D8C6F5 /* SceneDelegate.swift in Sources */,
			);
			runOnlyForDeploymentPostprocessing = 0;
		};
/* End PBXSourcesBuildPhase section */

/* Begin PBXVariantGroup section */
		FBEA558E28217D9000D8C6F5 /* Main.storyboard */ = {
			isa = PBXVariantGroup;
			children = (
				FBEA558F28217D9000D8C6F5 /* Base */,
			);
			name = Main.storyboard;
			sourceTree = "<group>";
		};
		FBEA559328217D9200D8C6F5 /* LaunchScreen.storyboard */ = {
			isa = PBXVariantGroup;
			children = (
				FBEA559428217D9200D8C6F5 /* Base */,
			);
			name = LaunchScreen.storyboard;
			sourceTree = "<group>";
		};
/* End PBXVariantGroup section */

/* Begin XCBuildConfiguration section */
		FBEA559728217D9200D8C6F5 /* Debug */ = {
			isa = XCBuildConfiguration;
			buildSettings = {
				ALWAYS_SEARCH_USER_PATHS = NO;
				CLANG_ANALYZER_NONNULL = YES;
				CLANG_ANALYZER_NUMBER_OBJECT_CONVERSION = YES_AGGRESSIVE;
				CLANG_CXX_LANGUAGE_STANDARD = "gnu++17";
				CLANG_ENABLE_MODULES = YES;
				CLANG_ENABLE_OBJC_ARC = YES;
				CLANG_ENABLE_OBJC_WEAK = YES;
				CLANG_WARN_BLOCK_CAPTURE_AUTORELEASING = YES;
				CLANG_WARN_BOOL_CONVERSION = YES;
				CLANG_WARN_COMMA = YES;
				CLANG_WARN_CONSTANT_CONVERSION = YES;
				CLANG_WARN_DEPRECATED_OBJC_IMPLEMENTATIONS = YES;
				CLANG_WARN_DIRECT_OBJC_ISA_USAGE = YES_ERROR;
				CLANG_WARN_DOCUMENTATION_COMMENTS = YES;
				CLANG_WARN_EMPTY_BODY = YES;
				CLANG_WARN_ENUM_CONVERSION = YES;
				CLANG_WARN_INFINITE_RECURSION = YES;
				CLANG_WARN_INT_CONVERSION = YES;
				CLANG_WARN_NON_LITERAL_NULL_CONVERSION = YES;
				CLANG_WARN_OBJC_IMPLICIT_RETAIN_SELF = YES;
				CLANG_WARN_OBJC_LITERAL_CONVERSION = YES;
				CLANG_WARN_OBJC_ROOT_CLASS = YES_ERROR;
				CLANG_WARN_QUOTED_INCLUDE_IN_FRAMEWORK_HEADER = YES;
				CLANG_WARN_RANGE_LOOP_ANALYSIS = YES;
				CLANG_WARN_STRICT_PROTOTYPES = YES;
				CLANG_WARN_SUSPICIOUS_MOVE = YES;
				CLANG_WARN_UNGUARDED_AVAILABILITY = YES_AGGRESSIVE;
				CLANG_WARN_UNREACHABLE_CODE = YES;
				CLANG_WARN__DUPLICATE_METHOD_MATCH = YES;
				COPY_PHASE_STRIP = NO;
				DEBUG_INFORMATION_FORMAT = dwarf;
				ENABLE_STRICT_OBJC_MSGSEND = YES;
				ENABLE_TESTABILITY = YES;
				GCC_C_LANGUAGE_STANDARD = gnu11;
				GCC_DYNAMIC_NO_PIC = NO;
				GCC_NO_COMMON_BLOCKS = YES;
				GCC_OPTIMIZATION_LEVEL = 0;
				GCC_PREPROCESSOR_DEFINITIONS = (
					"DEBUG=1",
					"$(inherited)",
				);
				GCC_WARN_64_TO_32_BIT_CONVERSION = YES;
				GCC_WARN_ABOUT_RETURN_TYPE = YES_ERROR;
				GCC_WARN_UNDECLARED_SELECTOR = YES;
				GCC_WARN_UNINITIALIZED_AUTOS = YES_AGGRESSIVE;
				GCC_WARN_UNUSED_FUNCTION = YES;
				GCC_WARN_UNUSED_VARIABLE = YES;
				IPHONEOS_DEPLOYMENT_TARGET = 15.4;
				MTL_ENABLE_DEBUG_INFO = INCLUDE_SOURCE;
				MTL_FAST_MATH = YES;
				ONLY_ACTIVE_ARCH = YES;
				SDKROOT = iphoneos;
				SWIFT_ACTIVE_COMPILATION_CONDITIONS = DEBUG;
				SWIFT_OPTIMIZATION_LEVEL = "-Onone";
			};
			name = Debug;
		};
		FBEA559828217D9200D8C6F5 /* Release */ = {
			isa = XCBuildConfiguration;
			buildSettings = {
				ALWAYS_SEARCH_USER_PATHS = NO;
				CLANG_ANALYZER_NONNULL = YES;
				CLANG_ANALYZER_NUMBER_OBJECT_CONVERSION = YES_AGGRESSIVE;
				CLANG_CXX_LANGUAGE_STANDARD = "gnu++17";
				CLANG_ENABLE_MODULES = YES;
				CLANG_ENABLE_OBJC_ARC = YES;
				CLANG_ENABLE_OBJC_WEAK = YES;
				CLANG_WARN_BLOCK_CAPTURE_AUTORELEASING = YES;
				CLANG_WARN_BOOL_CONVERSION = YES;
				CLANG_WARN_COMMA = YES;
				CLANG_WARN_CONSTANT_CONVERSION = YES;
				CLANG_WARN_DEPRECATED_OBJC_IMPLEMENTATIONS = YES;
				CLANG_WARN_DIRECT_OBJC_ISA_USAGE = YES_ERROR;
				CLANG_WARN_DOCUMENTATION_COMMENTS = YES;
				CLANG_WARN_EMPTY_BODY = YES;
				CLANG_WARN_ENUM_CONVERSION = YES;
				CLANG_WARN_INFINITE_RECURSION = YES;
				CLANG_WARN_INT_CONVERSION = YES;
				CLANG_WARN_NON_LITERAL_NULL_CONVERSION = YES;
				CLANG_WARN_OBJC_IMPLICIT_RETAIN_SELF = YES;
				CLANG_WARN_OBJC_LITERAL_CONVERSION = YES;
				CLANG_WARN_OBJC_ROOT_CLASS = YES_ERROR;
				CLANG_WARN_QUOTED_INCLUDE_IN_FRAMEWORK_HEADER = YES;
				CLANG_WARN_RANGE_LOOP_ANALYSIS = YES;
				CLANG_WARN_STRICT_PROTOTYPES = YES;
				CLANG_WARN_SUSPICIOUS_MOVE = YES;
				CLANG_WARN_UNGUARDED_AVAILABILITY = YES_AGGRESSIVE;
				CLANG_WARN_UNREACHABLE_CODE = YES;
				CLANG_WARN__DUPLICATE_METHOD_MATCH = YES;
				COPY_PHASE_STRIP = NO;
				DEBUG_INFORMATION_FORMAT = "dwarf-with-dsym";
				ENABLE_NS_ASSERTIONS = NO;
				ENABLE_STRICT_OBJC_MSGSEND = YES;
				GCC_C_LANGUAGE_STANDARD = gnu11;
				GCC_NO_COMMON_BLOCKS = YES;
				GCC_WARN_64_TO_32_BIT_CONVERSION = YES;
				GCC_WARN_ABOUT_RETURN_TYPE = YES_ERROR;
				GCC_WARN_UNDECLARED_SELECTOR = YES;
				GCC_WARN_UNINITIALIZED_AUTOS = YES_AGGRESSIVE;
				GCC_WARN_UNUSED_FUNCTION = YES;
				GCC_WARN_UNUSED_VARIABLE = YES;
				IPHONEOS_DEPLOYMENT_TARGET = 15.4;
				MTL_ENABLE_DEBUG_INFO = NO;
				MTL_FAST_MATH = YES;
				SDKROOT = iphoneos;
				SWIFT_COMPILATION_MODE = wholemodule;
				SWIFT_OPTIMIZATION_LEVEL = "-O";
				VALIDATE_PRODUCT = YES;
			};
			name = Release;
		};
		FBEA559A28217D9200D8C6F5 /* Debug */ = {
			isa = XCBuildConfiguration;
			baseConfigurationReference = 66AA53E249770F6396849110 /* Pods-MyPlaces.debug.xcconfig */;
			buildSettings = {
				ASSETCATALOG_COMPILER_APPICON_NAME = AppIcon;
				ASSETCATALOG_COMPILER_GLOBAL_ACCENT_COLOR_NAME = AccentColor;
				CODE_SIGN_STYLE = Automatic;
				CURRENT_PROJECT_VERSION = 1;
				DEVELOPMENT_TEAM = 2SC3YDNXGQ;
				GENERATE_INFOPLIST_FILE = YES;
				INFOPLIST_FILE = MyPlaces/Info.plist;
				INFOPLIST_KEY_UIApplicationSupportsIndirectInputEvents = YES;
				INFOPLIST_KEY_UILaunchStoryboardName = LaunchScreen;
				INFOPLIST_KEY_UIMainStoryboardFile = Main;
				INFOPLIST_KEY_UISupportedInterfaceOrientations_iPad = "UIInterfaceOrientationPortrait UIInterfaceOrientationPortraitUpsideDown UIInterfaceOrientationLandscapeLeft UIInterfaceOrientationLandscapeRight";
				INFOPLIST_KEY_UISupportedInterfaceOrientations_iPhone = "UIInterfaceOrientationPortrait UIInterfaceOrientationLandscapeLeft UIInterfaceOrientationLandscapeRight";
				LD_RUNPATH_SEARCH_PATHS = (
					"$(inherited)",
					"@executable_path/Frameworks",
				);
				MARKETING_VERSION = 1.0;
				PRODUCT_BUNDLE_IDENTIFIER = VladimirStrepitovCorp.MyPlaces;
				PRODUCT_NAME = "$(TARGET_NAME)";
				SWIFT_EMIT_LOC_STRINGS = YES;
				SWIFT_VERSION = 5.0;
				TARGETED_DEVICE_FAMILY = "1,2";
			};
			name = Debug;
		};
		FBEA559B28217D9200D8C6F5 /* Release */ = {
			isa = XCBuildConfiguration;
			baseConfigurationReference = 4A2B97288A83AAE008C16C35 /* Pods-MyPlaces.release.xcconfig */;
			buildSettings = {
				ASSETCATALOG_COMPILER_APPICON_NAME = AppIcon;
				ASSETCATALOG_COMPILER_GLOBAL_ACCENT_COLOR_NAME = AccentColor;
				CODE_SIGN_STYLE = Automatic;
				CURRENT_PROJECT_VERSION = 1;
				DEVELOPMENT_TEAM = 2SC3YDNXGQ;
				GENERATE_INFOPLIST_FILE = YES;
				INFOPLIST_FILE = MyPlaces/Info.plist;
				INFOPLIST_KEY_UIApplicationSupportsIndirectInputEvents = YES;
				INFOPLIST_KEY_UILaunchStoryboardName = LaunchScreen;
				INFOPLIST_KEY_UIMainStoryboardFile = Main;
				INFOPLIST_KEY_UISupportedInterfaceOrientations_iPad = "UIInterfaceOrientationPortrait UIInterfaceOrientationPortraitUpsideDown UIInterfaceOrientationLandscapeLeft UIInterfaceOrientationLandscapeRight";
				INFOPLIST_KEY_UISupportedInterfaceOrientations_iPhone = "UIInterfaceOrientationPortrait UIInterfaceOrientationLandscapeLeft UIInterfaceOrientationLandscapeRight";
				LD_RUNPATH_SEARCH_PATHS = (
					"$(inherited)",
					"@executable_path/Frameworks",
				);
				MARKETING_VERSION = 1.0;
				PRODUCT_BUNDLE_IDENTIFIER = VladimirStrepitovCorp.MyPlaces;
				PRODUCT_NAME = "$(TARGET_NAME)";
				SWIFT_EMIT_LOC_STRINGS = YES;
				SWIFT_VERSION = 5.0;
				TARGETED_DEVICE_FAMILY = "1,2";
			};
			name = Release;
		};
/* End XCBuildConfiguration section */

/* Begin XCConfigurationList section */
		FBEA558028217D9000D8C6F5 /* Build configuration list for PBXProject "MyPlaces" */ = {
			isa = XCConfigurationList;
			buildConfigurations = (
				FBEA559728217D9200D8C6F5 /* Debug */,
				FBEA559828217D9200D8C6F5 /* Release */,
			);
			defaultConfigurationIsVisible = 0;
			defaultConfigurationName = Release;
		};
		FBEA559928217D9200D8C6F5 /* Build configuration list for PBXNativeTarget "MyPlaces" */ = {
			isa = XCConfigurationList;
			buildConfigurations = (
				FBEA559A28217D9200D8C6F5 /* Debug */,
				FBEA559B28217D9200D8C6F5 /* Release */,
			);
			defaultConfigurationIsVisible = 0;
			defaultConfigurationName = Release;
		};
/* End XCConfigurationList section */
	};
	rootObject = FBEA557D28217D9000D8C6F5 /* Project object */;
}
